
Microsoft Visual Studio Solution File, Format Version 12.00
# Visual Studio Version 17
VisualStudioVersion = 17.0.32112.339
MinimumVisualStudioVersion = 10.0.40219.1
Project("{FAE04EC0-301F-11D3-BF4B-00C04F79EFBC}") = "WebBookStore", "WebBookStore\WebBookStore.csproj", "{3716C50D-CDB3-4618-9A0D-D6E5FC59FC17}"
EndProject
Global
	GlobalSection(SolutionConfigurationPlatforms) = preSolution
		Debug|Any CPU = Debug|Any CPU
		Release|Any CPU = Release|Any CPU
	EndGlobalSection
	GlobalSection(ProjectConfigurationPlatforms) = postSolution
		{3716C50D-CDB3-4618-9A0D-D6E5FC59FC17}.Debug|Any CPU.ActiveCfg = Debug|Any CPU
		{3716C50D-CDB3-4618-9A0D-D6E5FC59FC17}.Debug|Any CPU.Build.0 = Debug|Any CPU
		{3716C50D-CDB3-4618-9A0D-D6E5FC59FC17}.Release|Any CPU.ActiveCfg = Release|Any CPU
		{3716C50D-CDB3-4618-9A0D-D6E5FC59FC17}.Release|Any CPU.Build.0 = Release|Any CPU
	EndGlobalSection
	GlobalSection(SolutionProperties) = preSolution
		HideSolutionNode = FALSE
	EndGlobalSection
	GlobalSection(ExtensibilityGlobals) = postSolution
		SolutionGuid = {2DA11853-DD85-4232-8E5E-FA5BEF8970BB}
	EndGlobalSection
EndGlobal
